{
  "name": "ts-orm",
  "version": "0.0.1",
  "lockfileVersion": 1,
  "dependencies": {
    "@types/mongodb": {
      "version": "http://nexus.prod.uci.cu/repository/npm-all/@types/mongodb/-/mongodb-2.1.40.tgz",
      "integrity": "sha1-xg/f9vUvQ7oV7Ju2om3FpyhTCsA=",
      "dev": true
    },
    "@types/mssql": {
      "version": "http://nexus.prod.uci.cu/repository/npm-all/@types/mssql/-/mssql-3.3.1.tgz",
      "integrity": "sha1-DAlm4jnCOP5Rzldt7unqGBFmU/Y=",
      "dev": true
    },
    "@types/mysql": {
      "version": "http://nexus.prod.uci.cu/repository/npm-all/@types/mysql/-/mysql-0.0.31.tgz",
      "integrity": "sha1-rfyigRkTXzmoXVKqrqJD1CW8cEw=",
      "dev": true
    },
    "@types/node": {
      "version": "http://nexus.prod.uci.cu/repository/npm-all/@types/node/-/node-7.0.4.tgz",
      "integrity": "sha1-mqvBNZed7TgzJXSfUIiUxmKUjIs=",
      "dev": true
    },
    "@types/oracledb": {
      "version": "http://nexus.prod.uci.cu/repository/npm-all/@types/oracledb/-/oracledb-1.11.33.tgz",
      "integrity": "sha1-sMTSrHQyySIISTbX6JzgYFcuCWE=",
      "dev": true
    },
    "@types/rethinkdb": {
      "version": "http://nexus.prod.uci.cu/repository/npm-all/@types/rethinkdb/-/rethinkdb-2.3.2.tgz",
      "integrity": "sha1-9csFIdHa9jSVs0VXN1l4wPeT7BY=",
      "dev": true
    },
    "lodash": {
      "version": "https://registry.npmjs.org/lodash/-/lodash-4.1.0.tgz",
      "integrity": "sha1-KZiUKD3gGp7vvt/0xLmwCmoubpY="
    },
    "sliced": {
      "version": "https://registry.npmjs.org/sliced/-/sliced-0.0.5.tgz",
      "integrity": "sha1-XtwETKTrb3gW1Qui/GPiXY/kcH8="
    },
    "sql": {
      "version": "https://registry.npmjs.org/sql/-/sql-0.74.0.tgz",
      "integrity": "sha1-mObzB62VViXP4cw+Js/HWem9EDw="
    },
    "typescript": {
      "version": "2.3.4",
      "resolved": "http://nexus.prod.uci.cu/repository/npm-all/typescript/-/typescript-2.3.4.tgz",
      "integrity": "sha1-PTgyGCgjHkNPKHUUlZw3qCtin0I=",
      "dev": true
    }
  }
}
